<?xml version="1.0" encoding="utf-8"?>
<Project ToolsVersion="4.0" xmlns="http://schemas.microsoft.com/developer/msbuild/2003">
  <ItemGroup>
    <Filter Include="Pliki źródłowe">
      <UniqueIdentifier>{4FC737F1-C7A5-4376-A066-2A32D752A2FF}</UniqueIdentifier>
      <Extensions>cpp;c;cc;cxx;def;odl;idl;hpj;bat;asm;asmx</Extensions>
    </Filter>
    <Filter Include="Pliki nagłówkowe">
      <UniqueIdentifier>{93995380-89BD-4b04-88EB-625FBE52EBFB}</UniqueIdentifier>
      <Extensions>h;hh;hpp;hxx;hm;inl;inc;ipp;xsd</Extensions>
    </Filter>
    <Filter Include="Pliki zasobów">
      <UniqueIdentifier>{67DA6AB6-F800-4c08-8B7A-83BB121AAD01}</UniqueIdentifier>
      <Extensions>rc;ico;cur;bmp;dlg;rc2;rct;bin;rgs;gif;jpg;jpeg;jpe;resx;tiff;tif;png;wav;mfcribbon-ms</Extensions>
    </Filter>
    <Filter Include="Pliki nagłówkowe\useful code">
      <UniqueIdentifier>{fec92668-0086-40b0-a6bd-6a064c551a03}</UniqueIdentifier>
    </Filter>
    <Filter Include="Pliki źródłowe\useful code">
      <UniqueIdentifier>{b3731c67-65c7-46c2-899d-975617b27ccd}</UniqueIdentifier>
    </Filter>
  </ItemGroup>
  <ItemGroup>
    <ClCompile Include="TaikoTrainerWindow.cpp">
      <Filter>Pliki źródłowe</Filter>
    </ClCompile>
    <ClCompile Include="WindowDrawData.cpp">
      <Filter>Pliki źródłowe</Filter>
    </ClCompile>
    <ClCompile Include="TaikoCircle.cpp">
      <Filter>Pliki źródłowe</Filter>
    </ClCompile>
    <ClCompile Include="AllegroBitmap.cpp">
      <Filter>Pliki źródłowe\useful code</Filter>
    </ClCompile>
    <ClCompile Include="LoopedThread.cpp">
      <Filter>Pliki źródłowe\useful code</Filter>
    </ClCompile>
    <ClCompile Include="TimeDependent.cpp">
      <Filter>Pliki źródłowe\useful code</Filter>
    </ClCompile>
    <ClCompile Include="TimeManager.cpp">
      <Filter>Pliki źródłowe\useful code</Filter>
    </ClCompile>
    <ClCompile Include="Transformation.cpp">
      <Filter>Pliki źródłowe\useful code</Filter>
    </ClCompile>
    <ClCompile Include="Źródło.cpp">
      <Filter>Pliki źródłowe</Filter>
    </ClCompile>
    <ClCompile Include="CircleHit.cpp">
      <Filter>Pliki źródłowe</Filter>
    </ClCompile>
    <ClCompile Include="AnimationHalfCosine.cpp">
      <Filter>Pliki źródłowe\useful code</Filter>
    </ClCompile>
    <ClCompile Include="TimeLimited.cpp">
      <Filter>Pliki źródłowe\useful code</Filter>
    </ClCompile>
    <ClCompile Include="AnimationExponential.cpp">
      <Filter>Pliki źródłowe\useful code</Filter>
    </ClCompile>
  </ItemGroup>
  <ItemGroup>
    <ClInclude Include="TaikoTrainerWindow.h">
      <Filter>Pliki nagłówkowe</Filter>
    </ClInclude>
    <ClInclude Include="WindowDrawData.h">
      <Filter>Pliki nagłówkowe</Filter>
    </ClInclude>
    <ClInclude Include="TaikoCircle.h">
      <Filter>Pliki nagłówkowe</Filter>
    </ClInclude>
    <ClInclude Include="AllegroBitmap.h">
      <Filter>Pliki nagłówkowe\useful code</Filter>
    </ClInclude>
    <ClInclude Include="AllegroWindow.h">
      <Filter>Pliki nagłówkowe\useful code</Filter>
    </ClInclude>
    <ClInclude Include="Figure2D.h">
      <Filter>Pliki nagłówkowe\useful code</Filter>
    </ClInclude>
    <ClInclude Include="LoopedThread.h">
      <Filter>Pliki nagłówkowe\useful code</Filter>
    </ClInclude>
    <ClInclude Include="Oblong.h">
      <Filter>Pliki nagłówkowe\useful code</Filter>
    </ClInclude>
    <ClInclude Include="ThreadDataQueue.h">
      <Filter>Pliki nagłówkowe\useful code</Filter>
    </ClInclude>
    <ClInclude Include="TimeDependent.h">
      <Filter>Pliki nagłówkowe\useful code</Filter>
    </ClInclude>
    <ClInclude Include="TimeManager.h">
      <Filter>Pliki nagłówkowe\useful code</Filter>
    </ClInclude>
    <ClInclude Include="Transformation.h">
      <Filter>Pliki nagłówkowe\useful code</Filter>
    </ClInclude>
    <ClInclude Include="Vector2D.h">
      <Filter>Pliki nagłówkowe\useful code</Filter>
    </ClInclude>
    <ClInclude Include="Window.h">
      <Filter>Pliki nagłówkowe\useful code</Filter>
    </ClInclude>
    <ClInclude Include="contants.h">
      <Filter>Pliki nagłówkowe</Filter>
    </ClInclude>
    <ClInclude Include="CircleHit.h">
      <Filter>Pliki nagłówkowe</Filter>
    </ClInclude>
    <ClInclude Include="AnimationHalfCosine.h">
      <Filter>Pliki nagłówkowe\useful code</Filter>
    </ClInclude>
    <ClInclude Include="math_defines.h">
      <Filter>Pliki nagłówkowe\useful code</Filter>
    </ClInclude>
    <ClInclude Include="TimeLimited.h">
      <Filter>Pliki nagłówkowe\useful code</Filter>
    </ClInclude>
    <ClInclude Include="AnimationExponential.h">
      <Filter>Pliki nagłówkowe\useful code</Filter>
    </ClInclude>
  </ItemGroup>
  <ItemGroup>
    <None Include="packages.config" />
  </ItemGroup>
</Project>